// !$*UTF8*$!
{
	archiveVersion = 1;
	classes = {
	};
	objectVersion = 46;
	objects = {

/* Begin PBXBuildFile section */
		7BAE05DA1E7B0EE900B2F0EF /* main.m in Sources */ = {isa = PBXBuildFile; fileRef = 7BAE05D91E7B0EE900B2F0EF /* main.m */; };
		7BAE05E21E7B110600B2F0EF /* MyCoreDataModel.xcdatamodeld in Sources */ = {isa = PBXBuildFile; fileRef = 7BAE05E01E7B110600B2F0EF /* MyCoreDataModel.xcdatamodeld */; };
		7BAE05E71E7B135100B2F0EF /* MyManagedObjectProductMO+CoreDataProperties.m in Sources */ = {isa = PBXBuildFile; fileRef = 7BAE05E41E7B135100B2F0EF /* MyManagedObjectProductMO+CoreDataProperties.m */; };
		7BAE05E81E7B135100B2F0EF /* MyManagedObjectProductMO.m in Sources */ = {isa = PBXBuildFile; fileRef = 7BAE05E61E7B135100B2F0EF /* MyManagedObjectProductMO.m */; };
		7BAE05EB1E7B155900B2F0EF /* MyDataController.m in Sources */ = {isa = PBXBuildFile; fileRef = 7BAE05EA1E7B155900B2F0EF /* MyDataController.m */; };
/* End PBXBuildFile section */

/* Begin PBXCopyFilesBuildPhase section */
		7BAE05D41E7B0EE900B2F0EF /* CopyFiles */ = {
			isa = PBXCopyFilesBuildPhase;
			buildActionMask = 2147483647;
			dstPath = /usr/share/man/man1/;
			dstSubfolderSpec = 0;
			files = (
			);
			runOnlyForDeploymentPostprocessing = 1;
		};
/* End PBXCopyFilesBuildPhase section */

/* Begin PBXFileReference section */
		19FF1B091E81C8DC00EB8D0C /* Lection.h */ = {isa = PBXFileReference; lastKnownFileType = sourcecode.c.h; path = Lection.h; sourceTree = "<group>"; };
		7BAE05D61E7B0EE900B2F0EF /* Lesson66CoreData */ = {isa = PBXFileReference; explicitFileType = "compiled.mach-o.executable"; includeInIndex = 0; path = Lesson66CoreData; sourceTree = BUILT_PRODUCTS_DIR; };
		7BAE05D91E7B0EE900B2F0EF /* main.m */ = {isa = PBXFileReference; lastKnownFileType = sourcecode.c.objc; path = main.m; sourceTree = "<group>"; };
		7BAE05E11E7B110600B2F0EF /* MyCoreDataModel.xcdatamodel */ = {isa = PBXFileReference; lastKnownFileType = wrapper.xcdatamodel; path = MyCoreDataModel.xcdatamodel; sourceTree = "<group>"; };
		7BAE05E31E7B135100B2F0EF /* MyManagedObjectProductMO+CoreDataProperties.h */ = {isa = PBXFileReference; fileEncoding = 4; lastKnownFileType = sourcecode.c.h; path = "MyManagedObjectProductMO+CoreDataProperties.h"; sourceTree = "<group>"; };
		7BAE05E41E7B135100B2F0EF /* MyManagedObjectProductMO+CoreDataProperties.m */ = {isa = PBXFileReference; fileEncoding = 4; lastKnownFileType = sourcecode.c.objc; path = "MyManagedObjectProductMO+CoreDataProperties.m"; sourceTree = "<group>"; };
		7BAE05E51E7B135100B2F0EF /* MyManagedObjectProductMO.h */ = {isa = PBXFileReference; fileEncoding = 4; lastKnownFileType = sourcecode.c.h; path = MyManagedObjectProductMO.h; sourceTree = "<group>"; };
		7BAE05E61E7B135100B2F0EF /* MyManagedObjectProductMO.m */ = {isa = PBXFileReference; fileEncoding = 4; lastKnownFileType = sourcecode.c.objc; path = MyManagedObjectProductMO.m; sourceTree = "<group>"; };
		7BAE05E91E7B155900B2F0EF /* MyDataController.h */ = {isa = PBXFileReference; fileEncoding = 4; lastKnownFileType = sourcecode.c.h; path = MyDataController.h; sourceTree = "<group>"; };
		7BAE05EA1E7B155900B2F0EF /* MyDataController.m */ = {isa = PBXFileReference; fileEncoding = 4; lastKnownFileType = sourcecode.c.objc; path = MyDataController.m; sourceTree = "<group>"; };
/* End PBXFileReference section */

/* Begin PBXFrameworksBuildPhase section */
		7BAE05D31E7B0EE900B2F0EF /* Frameworks */ = {
			isa = PBXFrameworksBuildPhase;
			buildActionMask = 2147483647;
			files = (
			);
			runOnlyForDeploymentPostprocessing = 0;
		};
/* End PBXFrameworksBuildPhase section */

/* Begin PBXGroup section */
		7BAE05CD1E7B0EE900B2F0EF = {
			isa = PBXGroup;
			children = (
				7BAE05D81E7B0EE900B2F0EF /* Lesson66CoreData */,
				7BAE05D71E7B0EE900B2F0EF /* Products */,
			);
			sourceTree = "<group>";
		};
		7BAE05D71E7B0EE900B2F0EF /* Products */ = {
			isa = PBXGroup;
			children = (
				7BAE05D61E7B0EE900B2F0EF /* Lesson66CoreData */,
			);
			name = Products;
			sourceTree = "<group>";
		};
		7BAE05D81E7B0EE900B2F0EF /* Lesson66CoreData */ = {
			isa = PBXGroup;
			children = (
				7BAE05D91E7B0EE900B2F0EF /* main.m */,
				7BAE05E01E7B110600B2F0EF /* MyCoreDataModel.xcdatamodeld */,
				7BAE05E31E7B135100B2F0EF /* MyManagedObjectProductMO+CoreDataProperties.h */,
				7BAE05E41E7B135100B2F0EF /* MyManagedObjectProductMO+CoreDataProperties.m */,
				19FF1B091E81C8DC00EB8D0C /* Lection.h */,
				7BAE05E91E7B155900B2F0EF /* MyDataController.h */,
				7BAE05EA1E7B155900B2F0EF /* MyDataController.m */,
				7BAE05E51E7B135100B2F0EF /* MyManagedObjectProductMO.h */,
				7BAE05E61E7B135100B2F0EF /* MyManagedObjectProductMO.m */,
			);
			path = Lesson66CoreData;
			sourceTree = "<group>";
		};
/* End PBXGroup section */

/* Begin PBXNativeTarget section */
		7BAE05D51E7B0EE900B2F0EF /* Lesson66CoreData */ = {
			isa = PBXNativeTarget;
			buildConfigurationList = 7BAE05DD1E7B0EE900B2F0EF /* Build configuration list for PBXNativeTarget "Lesson66CoreData" */;
			buildPhases = (
				7BAE05D21E7B0EE900B2F0EF /* Sources */,
				7BAE05D31E7B0EE900B2F0EF /* Frameworks */,
				7BAE05D41E7B0EE900B2F0EF /* CopyFiles */,
			);
			buildRules = (
			);
			dependencies = (
			);
			name = Lesson66CoreData;
			productName = Lesson66CoreData;
			productReference = 7BAE05D61E7B0EE900B2F0EF /* Lesson66CoreData */;
			productType = "com.apple.product-type.tool";
		};
/* End PBXNativeTarget section */

/* Begin PBXProject section */
		7BAE05CE1E7B0EE900B2F0EF /* Project object */ = {
			isa = PBXProject;
			attributes = {
				LastUpgradeCheck = 0730;
				ORGANIZATIONNAME = "Константин В. Булавенко";
				TargetAttributes = {
					7BAE05D51E7B0EE900B2F0EF = {
						CreatedOnToolsVersion = 7.3;
					};
				};
			};
			buildConfigurationList = 7BAE05D11E7B0EE900B2F0EF /* Build configuration list for PBXProject "Lesson66CoreData" */;
			compatibilityVersion = "Xcode 3.2";
			developmentRegion = English;
			hasScannedForEncodings = 0;
			knownRegions = (
				en,
			);
			mainGroup = 7BAE05CD1E7B0EE900B2F0EF;
			productRefGroup = 7BAE05D71E7B0EE900B2F0EF /* Products */;
			projectDirPath = "";
			projectRoot = "";
			targets = (
				7BAE05D51E7B0EE900B2F0EF /* Lesson66CoreData */,
			);
		};
/* End PBXProject section */

/* Begin PBXSourcesBuildPhase section */
		7BAE05D21E7B0EE900B2F0EF /* Sources */ = {
			isa = PBXSourcesBuildPhase;
			buildActionMask = 2147483647;
			files = (
				7BAE05E81E7B135100B2F0EF /* MyManagedObjectProductMO.m in Sources */,
				7BAE05E21E7B110600B2F0EF /* MyCoreDataModel.xcdatamodeld in Sources */,
				7BAE05E71E7B135100B2F0EF /* MyManagedObjectProductMO+CoreDataProperties.m in Sources */,
				7BAE05DA1E7B0EE900B2F0EF /* main.m in Sources */,
				7BAE05EB1E7B155900B2F0EF /* MyDataController.m in Sources */,
			);
			runOnlyForDeploymentPostprocessing = 0;
		};
/* End PBXSourcesBuildPhase section */

/* Begin XCBuildConfiguration section */
		7BAE05DB1E7B0EE900B2F0EF /* Debug */ = {
			isa = XCBuildConfiguration;
			buildSettings = {
				ALWAYS_SEARCH_USER_PATHS = NO;
				CLANG_ANALYZER_NONNULL = YES;
				CLANG_CXX_LANGUAGE_STANDARD = "gnu++0x";
				CLANG_CXX_LIBRARY = "libc++";
				CLANG_ENABLE_MODULES = YES;
				CLANG_ENABLE_OBJC_ARC = YES;
				CLANG_WARN_BOOL_CONVERSION = YES;
				CLANG_WARN_CONSTANT_CONVERSION = YES;
				CLANG_WARN_DIRECT_OBJC_ISA_USAGE = YES_ERROR;
				CLANG_WARN_EMPTY_BODY = YES;
				CLANG_WARN_ENUM_CONVERSION = YES;
				CLANG_WARN_INT_CONVERSION = YES;
				CLANG_WARN_OBJC_ROOT_CLASS = YES_ERROR;
				CLANG_WARN_UNREACHABLE_CODE = YES;
				CLANG_WARN__DUPLICATE_METHOD_MATCH = YES;
				CODE_SIGN_IDENTITY = "-";
				COPY_PHASE_STRIP = NO;
				DEBUG_INFORMATION_FORMAT = dwarf;
				ENABLE_STRICT_OBJC_MSGSEND = YES;
				ENABLE_TESTABILITY = YES;
				GCC_C_LANGUAGE_STANDARD = gnu99;
				GCC_DYNAMIC_NO_PIC = NO;
				GCC_NO_COMMON_BLOCKS = YES;
				GCC_OPTIMIZATION_LEVEL = 0;
				GCC_PREPROCESSOR_DEFINITIONS = (
					"DEBUG=1",
					"$(inherited)",
				);
				GCC_WARN_64_TO_32_BIT_CONVERSION = YES;
				GCC_WARN_ABOUT_RETURN_TYPE = YES_ERROR;
				GCC_WARN_UNDECLARED_SELECTOR = YES;
				GCC_WARN_UNINITIALIZED_AUTOS = YES_AGGRESSIVE;
				GCC_WARN_UNUSED_FUNCTION = YES;
				GCC_WARN_UNUSED_VARIABLE = YES;
				MACOSX_DEPLOYMENT_TARGET = 10.11;
				MTL_ENABLE_DEBUG_INFO = YES;
				ONLY_ACTIVE_ARCH = YES;
				SDKROOT = macosx;
			};
			name = Debug;
		};
		7BAE05DC1E7B0EE900B2F0EF /* Release */ = {
			isa = XCBuildConfiguration;
			buildSettings = {
				ALWAYS_SEARCH_USER_PATHS = NO;
				CLANG_ANALYZER_NONNULL = YES;
				CLANG_CXX_LANGUAGE_STANDARD = "gnu++0x";
				CLANG_CXX_LIBRARY = "libc++";
				CLANG_ENABLE_MODULES = YES;
				CLANG_ENABLE_OBJC_ARC = YES;
				CLANG_WARN_BOOL_CONVERSION = YES;
				CLANG_WARN_CONSTANT_CONVERSION = YES;
				CLANG_WARN_DIRECT_OBJC_ISA_USAGE = YES_ERROR;
				CLANG_WARN_EMPTY_BODY = YES;
				CLANG_WARN_ENUM_CONVERSION = YES;
				CLANG_WARN_INT_CONVERSION = YES;
				CLANG_WARN_OBJC_ROOT_CLASS = YES_ERROR;
				CLANG_WARN_UNREACHABLE_CODE = YES;
				CLANG_WARN__DUPLICATE_METHOD_MATCH = YES;
				CODE_SIGN_IDENTITY = "-";
				COPY_PHASE_STRIP = NO;
				DEBUG_INFORMATION_FORMAT = "dwarf-with-dsym";
				ENABLE_NS_ASSERTIONS = NO;
				ENABLE_STRICT_OBJC_MSGSEND = YES;
				GCC_C_LANGUAGE_STANDARD = gnu99;
				GCC_NO_COMMON_BLOCKS = YES;
				GCC_WARN_64_TO_32_BIT_CONVERSION = YES;
				GCC_WARN_ABOUT_RETURN_TYPE = YES_ERROR;
				GCC_WARN_UNDECLARED_SELECTOR = YES;
				GCC_WARN_UNINITIALIZED_AUTOS = YES_AGGRESSIVE;
				GCC_WARN_UNUSED_FUNCTION = YES;
				GCC_WARN_UNUSED_VARIABLE = YES;
				MACOSX_DEPLOYMENT_TARGET = 10.11;
				MTL_ENABLE_DEBUG_INFO = NO;
				SDKROOT = macosx;
			};
			name = Release;
		};
		7BAE05DE1E7B0EE900B2F0EF /* Debug */ = {
			isa = XCBuildConfiguration;
			buildSettings = {
				PRODUCT_NAME = "$(TARGET_NAME)";
			};
			name = Debug;
		};
		7BAE05DF1E7B0EE900B2F0EF /* Release */ = {
			isa = XCBuildConfiguration;
			buildSettings = {
				PRODUCT_NAME = "$(TARGET_NAME)";
			};
			name = Release;
		};
/* End XCBuildConfiguration section */

/* Begin XCConfigurationList section */
		7BAE05D11E7B0EE900B2F0EF /* Build configuration list for PBXProject "Lesson66CoreData" */ = {
			isa = XCConfigurationList;
			buildConfigurations = (
				7BAE05DB1E7B0EE900B2F0EF /* Debug */,
				7BAE05DC1E7B0EE900B2F0EF /* Release */,
			);
			defaultConfigurationIsVisible = 0;
			defaultConfigurationName = Release;
		};
		7BAE05DD1E7B0EE900B2F0EF /* Build configuration list for PBXNativeTarget "Lesson66CoreData" */ = {
			isa = XCConfigurationList;
			buildConfigurations = (
				7BAE05DE1E7B0EE900B2F0EF /* Debug */,
				7BAE05DF1E7B0EE900B2F0EF /* Release */,
			);
			defaultConfigurationIsVisible = 0;
			defaultConfigurationName = Release;
		};
/* End XCConfigurationList section */

/* Begin XCVersionGroup section */
		7BAE05E01E7B110600B2F0EF /* MyCoreDataModel.xcdatamodeld */ = {
			isa = XCVersionGroup;
			children = (
				7BAE05E11E7B110600B2F0EF /* MyCoreDataModel.xcdatamodel */,
			);
			currentVersion = 7BAE05E11E7B110600B2F0EF /* MyCoreDataModel.xcdatamodel */;
			path = MyCoreDataModel.xcdatamodeld;
			sourceTree = "<group>";
			versionGroupType = wrapper.xcdatamodel;
		};
/* End XCVersionGroup section */
	};
	rootObject = 7BAE05CE1E7B0EE900B2F0EF /* Project object */;
}
